
Microsoft Visual Studio Solution File, Format Version 12.00
# Visual Studio Version 16
VisualStudioVersion = 16.0.29911.84
MinimumVisualStudioVersion = 15.0.26124.0
Project("{9A19103F-16F7-4668-BE54-9A1E7A4F7556}") = "csgo_club_web_app", "csgo_club_web_app\csgo_club_web_app.csproj", "{50729C7A-2D5E-4257-8E4D-58B1571B3386}"
EndProject
Project("{9A19103F-16F7-4668-BE54-9A1E7A4F7556}") = "BlobService", "BlobService\BlobService.csproj", "{0386309F-E644-4940-9DEE-679BB50E0AC0}"
EndProject
Project("{9A19103F-16F7-4668-BE54-9A1E7A4F7556}") = "csgo_creator", "csgo_creator\csgo_creator.csproj", "{32DB0317-1038-4F9B-8BDE-C200001E9727}"
EndProject
Project("{FAE04EC0-301F-11D3-BF4B-00C04F79EFBC}") = "CsgoClubEF", "CsgoClubEF\CsgoClubEF.csproj", "{9CDCCA46-F705-48F7-A9F6-363F48B6B421}"
EndProject
Global
	GlobalSection(SolutionConfigurationPlatforms) = preSolution
		Debug|Any CPU = Debug|Any CPU
		Debug|x64 = Debug|x64
		Debug|x86 = Debug|x86
		Release|Any CPU = Release|Any CPU
		Release|x64 = Release|x64
		Release|x86 = Release|x86
	EndGlobalSection
	GlobalSection(ProjectConfigurationPlatforms) = postSolution
		{50729C7A-2D5E-4257-8E4D-58B1571B3386}.Debug|Any CPU.ActiveCfg = Debug|Any CPU
		{50729C7A-2D5E-4257-8E4D-58B1571B3386}.Debug|Any CPU.Build.0 = Debug|Any CPU
		{50729C7A-2D5E-4257-8E4D-58B1571B3386}.Debug|x64.ActiveCfg = Debug|Any CPU
		{50729C7A-2D5E-4257-8E4D-58B1571B3386}.Debug|x64.Build.0 = Debug|Any CPU
		{50729C7A-2D5E-4257-8E4D-58B1571B3386}.Debug|x86.ActiveCfg = Debug|Any CPU
		{50729C7A-2D5E-4257-8E4D-58B1571B3386}.Debug|x86.Build.0 = Debug|Any CPU
		{50729C7A-2D5E-4257-8E4D-58B1571B3386}.Release|Any CPU.ActiveCfg = Release|Any CPU
		{50729C7A-2D5E-4257-8E4D-58B1571B3386}.Release|Any CPU.Build.0 = Release|Any CPU
		{50729C7A-2D5E-4257-8E4D-58B1571B3386}.Release|x64.ActiveCfg = Release|Any CPU
		{50729C7A-2D5E-4257-8E4D-58B1571B3386}.Release|x64.Build.0 = Release|Any CPU
		{50729C7A-2D5E-4257-8E4D-58B1571B3386}.Release|x86.ActiveCfg = Release|Any CPU
		{50729C7A-2D5E-4257-8E4D-58B1571B3386}.Release|x86.Build.0 = Release|Any CPU
		{0386309F-E644-4940-9DEE-679BB50E0AC0}.Debug|Any CPU.ActiveCfg = Debug|Any CPU
		{0386309F-E644-4940-9DEE-679BB50E0AC0}.Debug|Any CPU.Build.0 = Debug|Any CPU
		{0386309F-E644-4940-9DEE-679BB50E0AC0}.Debug|x64.ActiveCfg = Debug|Any CPU
		{0386309F-E644-4940-9DEE-679BB50E0AC0}.Debug|x64.Build.0 = Debug|Any CPU
		{0386309F-E644-4940-9DEE-679BB50E0AC0}.Debug|x86.ActiveCfg = Debug|Any CPU
		{0386309F-E644-4940-9DEE-679BB50E0AC0}.Debug|x86.Build.0 = Debug|Any CPU
		{0386309F-E644-4940-9DEE-679BB50E0AC0}.Release|Any CPU.ActiveCfg = Release|Any CPU
		{0386309F-E644-4940-9DEE-679BB50E0AC0}.Release|Any CPU.Build.0 = Release|Any CPU
		{0386309F-E644-4940-9DEE-679BB50E0AC0}.Release|x64.ActiveCfg = Release|Any CPU
		{0386309F-E644-4940-9DEE-679BB50E0AC0}.Release|x64.Build.0 = Release|Any CPU
		{0386309F-E644-4940-9DEE-679BB50E0AC0}.Release|x86.ActiveCfg = Release|Any CPU
		{0386309F-E644-4940-9DEE-679BB50E0AC0}.Release|x86.Build.0 = Release|Any CPU
		{32DB0317-1038-4F9B-8BDE-C200001E9727}.Debug|Any CPU.ActiveCfg = Debug|Any CPU
		{32DB0317-1038-4F9B-8BDE-C200001E9727}.Debug|Any CPU.Build.0 = Debug|Any CPU
		{32DB0317-1038-4F9B-8BDE-C200001E9727}.Debug|x64.ActiveCfg = Debug|Any CPU
		{32DB0317-1038-4F9B-8BDE-C200001E9727}.Debug|x64.Build.0 = Debug|Any CPU
		{32DB0317-1038-4F9B-8BDE-C200001E9727}.Debug|x86.ActiveCfg = Debug|Any CPU
		{32DB0317-1038-4F9B-8BDE-C200001E9727}.Debug|x86.Build.0 = Debug|Any CPU
		{32DB0317-1038-4F9B-8BDE-C200001E9727}.Release|Any CPU.ActiveCfg = Release|Any CPU
		{32DB0317-1038-4F9B-8BDE-C200001E9727}.Release|Any CPU.Build.0 = Release|Any CPU
		{32DB0317-1038-4F9B-8BDE-C200001E9727}.Release|x64.ActiveCfg = Release|Any CPU
		{32DB0317-1038-4F9B-8BDE-C200001E9727}.Release|x64.Build.0 = Release|Any CPU
		{32DB0317-1038-4F9B-8BDE-C200001E9727}.Release|x86.ActiveCfg = Release|Any CPU
		{32DB0317-1038-4F9B-8BDE-C200001E9727}.Release|x86.Build.0 = Release|Any CPU
		{9CDCCA46-F705-48F7-A9F6-363F48B6B421}.Debug|Any CPU.ActiveCfg = Debug|Any CPU
		{9CDCCA46-F705-48F7-A9F6-363F48B6B421}.Debug|Any CPU.Build.0 = Debug|Any CPU
		{9CDCCA46-F705-48F7-A9F6-363F48B6B421}.Debug|x64.ActiveCfg = Debug|Any CPU
		{9CDCCA46-F705-48F7-A9F6-363F48B6B421}.Debug|x64.Build.0 = Debug|Any CPU
		{9CDCCA46-F705-48F7-A9F6-363F48B6B421}.Debug|x86.ActiveCfg = Debug|Any CPU
		{9CDCCA46-F705-48F7-A9F6-363F48B6B421}.Debug|x86.Build.0 = Debug|Any CPU
		{9CDCCA46-F705-48F7-A9F6-363F48B6B421}.Release|Any CPU.ActiveCfg = Release|Any CPU
		{9CDCCA46-F705-48F7-A9F6-363F48B6B421}.Release|Any CPU.Build.0 = Release|Any CPU
		{9CDCCA46-F705-48F7-A9F6-363F48B6B421}.Release|x64.ActiveCfg = Release|Any CPU
		{9CDCCA46-F705-48F7-A9F6-363F48B6B421}.Release|x64.Build.0 = Release|Any CPU
		{9CDCCA46-F705-48F7-A9F6-363F48B6B421}.Release|x86.ActiveCfg = Release|Any CPU
		{9CDCCA46-F705-48F7-A9F6-363F48B6B421}.Release|x86.Build.0 = Release|Any CPU
	EndGlobalSection
	GlobalSection(SolutionProperties) = preSolution
		HideSolutionNode = FALSE
	EndGlobalSection
	GlobalSection(ExtensibilityGlobals) = postSolution
		SolutionGuid = {B4BAD9B6-93A5-4D8F-8F2B-B8B242E2D157}
	EndGlobalSection
EndGlobal
